// !$*UTF8*$!
{
	archiveVersion = 1;
	classes = {
	};
	objectVersion = 46;
	objects = {

/* Begin PBXBuildFile section */
		F145DF5A1A797F830027A9FC /* ThermometerTests.swift in Sources */ = {isa = PBXBuildFile; fileRef = F145DF591A797F830027A9FC /* ThermometerTests.swift */; };
		F145DF5E1A7980230027A9FC /* Thermometer.swift in Sources */ = {isa = PBXBuildFile; fileRef = F145DF5D1A7980230027A9FC /* Thermometer.swift */; };
		F145DF5F1A7981090027A9FC /* Thermometer.swift in Sources */ = {isa = PBXBuildFile; fileRef = F145DF5D1A7980230027A9FC /* Thermometer.swift */; };
		F177796F1A4327EE00091943 /* AppDelegate.swift in Sources */ = {isa = PBXBuildFile; fileRef = F177796E1A4327EE00091943 /* AppDelegate.swift */; };
		F17779711A4327EE00091943 /* ViewController.swift in Sources */ = {isa = PBXBuildFile; fileRef = F17779701A4327EE00091943 /* ViewController.swift */; };
		F17779741A4327EE00091943 /* ViewController.storyboard in Resources */ = {isa = PBXBuildFile; fileRef = F17779721A4327EE00091943 /* ViewController.storyboard */; };
		F17779761A4327EE00091943 /* Images.xcassets in Resources */ = {isa = PBXBuildFile; fileRef = F17779751A4327EE00091943 /* Images.xcassets */; };
		F17779791A4327EE00091943 /* LaunchScreen.xib in Resources */ = {isa = PBXBuildFile; fileRef = F17779771A4327EE00091943 /* LaunchScreen.xib */; };
		F177798F1A43388500091943 /* WireframeTests.swift in Sources */ = {isa = PBXBuildFile; fileRef = F177798E1A43388500091943 /* WireframeTests.swift */; };
		F17779941A433B5600091943 /* View.swift in Sources */ = {isa = PBXBuildFile; fileRef = F17779931A433B5600091943 /* View.swift */; };
		F17779971A433C6B00091943 /* Presenter.swift in Sources */ = {isa = PBXBuildFile; fileRef = F17779961A433C6B00091943 /* Presenter.swift */; };
		F177799A1A433CD800091943 /* ViewControllerTests.swift in Sources */ = {isa = PBXBuildFile; fileRef = F17779991A433CD800091943 /* ViewControllerTests.swift */; };
		F177799C1A436F8500091943 /* Wireframe.swift in Sources */ = {isa = PBXBuildFile; fileRef = F177799B1A436F8500091943 /* Wireframe.swift */; };
		F177799F1A4393DA00091943 /* Interactor.swift in Sources */ = {isa = PBXBuildFile; fileRef = F177799E1A4393DA00091943 /* Interactor.swift */; };
		F17779A31A44CCD900091943 /* AppDelegateTests.swift in Sources */ = {isa = PBXBuildFile; fileRef = F17779A21A44CCD900091943 /* AppDelegateTests.swift */; };
		F1E4F8CE1A49BD1E00709469 /* InteractorTests.swift in Sources */ = {isa = PBXBuildFile; fileRef = F1E4F8CD1A49BD1E00709469 /* InteractorTests.swift */; };
		F1E4F8D01A49BDEC00709469 /* Bath.swift in Sources */ = {isa = PBXBuildFile; fileRef = F1E4F8CF1A49BDEC00709469 /* Bath.swift */; };
		F1E4F8D21A49C30700709469 /* AppDelegate.swift in Sources */ = {isa = PBXBuildFile; fileRef = F177796E1A4327EE00091943 /* AppDelegate.swift */; };
		F1E4F8D31A49C30700709469 /* ViewController.swift in Sources */ = {isa = PBXBuildFile; fileRef = F17779701A4327EE00091943 /* ViewController.swift */; };
		F1E4F8D51A49C30700709469 /* View.swift in Sources */ = {isa = PBXBuildFile; fileRef = F17779931A433B5600091943 /* View.swift */; };
		F1E4F8D61A49C30700709469 /* Interactor.swift in Sources */ = {isa = PBXBuildFile; fileRef = F177799E1A4393DA00091943 /* Interactor.swift */; };
		F1E4F8D71A49C30700709469 /* Presenter.swift in Sources */ = {isa = PBXBuildFile; fileRef = F17779961A433C6B00091943 /* Presenter.swift */; };
		F1E4F8D81A49C30700709469 /* Wireframe.swift in Sources */ = {isa = PBXBuildFile; fileRef = F177799B1A436F8500091943 /* Wireframe.swift */; };
		F1E4F8D91A49C3EF00709469 /* Bath.swift in Sources */ = {isa = PBXBuildFile; fileRef = F1E4F8CF1A49BDEC00709469 /* Bath.swift */; };
		F1E4F8DB1A49CBA000709469 /* BathTests.swift in Sources */ = {isa = PBXBuildFile; fileRef = F1E4F8DA1A49CBA000709469 /* BathTests.swift */; };
		F1E4F8DD1A49CCAA00709469 /* PresenterTests.swift in Sources */ = {isa = PBXBuildFile; fileRef = F1E4F8DC1A49CCAA00709469 /* PresenterTests.swift */; };
		F1E4F8DE1A49D9FF00709469 /* ViewController.storyboard in Resources */ = {isa = PBXBuildFile; fileRef = F17779721A4327EE00091943 /* ViewController.storyboard */; };
/* End PBXBuildFile section */

/* Begin PBXContainerItemProxy section */
		F177797F1A4327EE00091943 /* PBXContainerItemProxy */ = {
			isa = PBXContainerItemProxy;
			containerPortal = F17779611A4327EE00091943 /* Project object */;
			proxyType = 1;
			remoteGlobalIDString = F17779681A4327EE00091943;
			remoteInfo = BathTubTest;
		};
/* End PBXContainerItemProxy section */

/* Begin PBXFileReference section */
		F145DF591A797F830027A9FC /* ThermometerTests.swift */ = {isa = PBXFileReference; fileEncoding = 4; lastKnownFileType = sourcecode.swift; path = ThermometerTests.swift; sourceTree = "<group>"; };
		F145DF5D1A7980230027A9FC /* Thermometer.swift */ = {isa = PBXFileReference; fileEncoding = 4; lastKnownFileType = sourcecode.swift; path = Thermometer.swift; sourceTree = "<group>"; };
		F17779691A4327EE00091943 /* BathTubTest.app */ = {isa = PBXFileReference; explicitFileType = wrapper.application; includeInIndex = 0; path = BathTubTest.app; sourceTree = BUILT_PRODUCTS_DIR; };
		F177796D1A4327EE00091943 /* Info.plist */ = {isa = PBXFileReference; lastKnownFileType = text.plist.xml; path = Info.plist; sourceTree = "<group>"; };
		F177796E1A4327EE00091943 /* AppDelegate.swift */ = {isa = PBXFileReference; lastKnownFileType = sourcecode.swift; path = AppDelegate.swift; sourceTree = "<group>"; };
		F17779701A4327EE00091943 /* ViewController.swift */ = {isa = PBXFileReference; lastKnownFileType = sourcecode.swift; path = ViewController.swift; sourceTree = "<group>"; };
		F17779731A4327EE00091943 /* Base */ = {isa = PBXFileReference; lastKnownFileType = file.storyboard; name = Base; path = Base.lproj/ViewController.storyboard; sourceTree = "<group>"; };
		F17779751A4327EE00091943 /* Images.xcassets */ = {isa = PBXFileReference; lastKnownFileType = folder.assetcatalog; path = Images.xcassets; sourceTree = "<group>"; };
		F17779781A4327EE00091943 /* Base */ = {isa = PBXFileReference; lastKnownFileType = file.xib; name = Base; path = Base.lproj/LaunchScreen.xib; sourceTree = "<group>"; };
		F177797E1A4327EE00091943 /* BathTubTestTests.xctest */ = {isa = PBXFileReference; explicitFileType = wrapper.cfbundle; includeInIndex = 0; path = BathTubTestTests.xctest; sourceTree = BUILT_PRODUCTS_DIR; };
		F17779831A4327EE00091943 /* Info.plist */ = {isa = PBXFileReference; lastKnownFileType = text.plist.xml; path = Info.plist; sourceTree = "<group>"; };
		F177798E1A43388500091943 /* WireframeTests.swift */ = {isa = PBXFileReference; fileEncoding = 4; lastKnownFileType = sourcecode.swift; path = WireframeTests.swift; sourceTree = "<group>"; };
		F17779931A433B5600091943 /* View.swift */ = {isa = PBXFileReference; fileEncoding = 4; lastKnownFileType = sourcecode.swift; path = View.swift; sourceTree = "<group>"; };
		F17779961A433C6B00091943 /* Presenter.swift */ = {isa = PBXFileReference; fileEncoding = 4; lastKnownFileType = sourcecode.swift; path = Presenter.swift; sourceTree = "<group>"; };
		F17779991A433CD800091943 /* ViewControllerTests.swift */ = {isa = PBXFileReference; fileEncoding = 4; lastKnownFileType = sourcecode.swift; path = ViewControllerTests.swift; sourceTree = "<group>"; };
		F177799B1A436F8500091943 /* Wireframe.swift */ = {isa = PBXFileReference; fileEncoding = 4; lastKnownFileType = sourcecode.swift; path = Wireframe.swift; sourceTree = "<group>"; };
		F177799E1A4393DA00091943 /* Interactor.swift */ = {isa = PBXFileReference; fileEncoding = 4; lastKnownFileType = sourcecode.swift; path = Interactor.swift; sourceTree = "<group>"; };
		F17779A21A44CCD900091943 /* AppDelegateTests.swift */ = {isa = PBXFileReference; fileEncoding = 4; lastKnownFileType = sourcecode.swift; path = AppDelegateTests.swift; sourceTree = "<group>"; };
		F1E4F8CD1A49BD1E00709469 /* InteractorTests.swift */ = {isa = PBXFileReference; fileEncoding = 4; lastKnownFileType = sourcecode.swift; path = InteractorTests.swift; sourceTree = "<group>"; };
		F1E4F8CF1A49BDEC00709469 /* Bath.swift */ = {isa = PBXFileReference; fileEncoding = 4; lastKnownFileType = sourcecode.swift; path = Bath.swift; sourceTree = "<group>"; };
		F1E4F8DA1A49CBA000709469 /* BathTests.swift */ = {isa = PBXFileReference; fileEncoding = 4; lastKnownFileType = sourcecode.swift; path = BathTests.swift; sourceTree = "<group>"; };
		F1E4F8DC1A49CCAA00709469 /* PresenterTests.swift */ = {isa = PBXFileReference; fileEncoding = 4; lastKnownFileType = sourcecode.swift; path = PresenterTests.swift; sourceTree = "<group>"; };
/* End PBXFileReference section */

/* Begin PBXFrameworksBuildPhase section */
		F17779661A4327EE00091943 /* Frameworks */ = {
			isa = PBXFrameworksBuildPhase;
			buildActionMask = 2147483647;
			files = (
			);
			runOnlyForDeploymentPostprocessing = 0;
		};
		F177797B1A4327EE00091943 /* Frameworks */ = {
			isa = PBXFrameworksBuildPhase;
			buildActionMask = 2147483647;
			files = (
			);
			runOnlyForDeploymentPostprocessing = 0;
		};
/* End PBXFrameworksBuildPhase section */

/* Begin PBXGroup section */
		F17779601A4327EE00091943 = {
			isa = PBXGroup;
			children = (
				F177796B1A4327EE00091943 /* BathTubTest */,
				F17779811A4327EE00091943 /* BathTubTestTests */,
				F177796A1A4327EE00091943 /* Products */,
			);
			sourceTree = "<group>";
		};
		F177796A1A4327EE00091943 /* Products */ = {
			isa = PBXGroup;
			children = (
				F17779691A4327EE00091943 /* BathTubTest.app */,
				F177797E1A4327EE00091943 /* BathTubTestTests.xctest */,
			);
			name = Products;
			sourceTree = "<group>";
		};
		F177796B1A4327EE00091943 /* BathTubTest */ = {
			isa = PBXGroup;
			children = (
				F177796E1A4327EE00091943 /* AppDelegate.swift */,
				F17779701A4327EE00091943 /* ViewController.swift */,
				F1E4F8CF1A49BDEC00709469 /* Bath.swift */,
				F145DF5D1A7980230027A9FC /* Thermometer.swift */,
				F17779A11A44C30D00091943 /* VIPER */,
				F17779721A4327EE00091943 /* ViewController.storyboard */,
				F17779751A4327EE00091943 /* Images.xcassets */,
				F17779771A4327EE00091943 /* LaunchScreen.xib */,
				F177796C1A4327EE00091943 /* Supporting Files */,
			);
			path = BathTubTest;
			sourceTree = "<group>";
		};
		F177796C1A4327EE00091943 /* Supporting Files */ = {
			isa = PBXGroup;
			children = (
				F177796D1A4327EE00091943 /* Info.plist */,
			);
			name = "Supporting Files";
			sourceTree = "<group>";
		};
		F17779811A4327EE00091943 /* BathTubTestTests */ = {
			isa = PBXGroup;
			children = (
				F17779A41A44D09A00091943 /* VIPER Tests */,
				F17779A51A44D0A400091943 /* App Side Tests */,
				F17779821A4327EE00091943 /* Supporting Files */,
			);
			path = BathTubTestTests;
			sourceTree = "<group>";
		};
		F17779821A4327EE00091943 /* Supporting Files */ = {
			isa = PBXGroup;
			children = (
				F17779831A4327EE00091943 /* Info.plist */,
			);
			name = "Supporting Files";
			sourceTree = "<group>";
		};
		F17779A11A44C30D00091943 /* VIPER */ = {
			isa = PBXGroup;
			children = (
				F17779931A433B5600091943 /* View.swift */,
				F177799E1A4393DA00091943 /* Interactor.swift */,
				F17779961A433C6B00091943 /* Presenter.swift */,
				F177799B1A436F8500091943 /* Wireframe.swift */,
			);
			name = VIPER;
			sourceTree = "<group>";
		};
		F17779A41A44D09A00091943 /* VIPER Tests */ = {
			isa = PBXGroup;
			children = (
				F177798E1A43388500091943 /* WireframeTests.swift */,
				F1E4F8CD1A49BD1E00709469 /* InteractorTests.swift */,
				F1E4F8DC1A49CCAA00709469 /* PresenterTests.swift */,
				F1E4F8DA1A49CBA000709469 /* BathTests.swift */,
			);
			name = "VIPER Tests";
			sourceTree = "<group>";
		};
		F17779A51A44D0A400091943 /* App Side Tests */ = {
			isa = PBXGroup;
			children = (
				F17779A21A44CCD900091943 /* AppDelegateTests.swift */,
				F17779991A433CD800091943 /* ViewControllerTests.swift */,
				F145DF591A797F830027A9FC /* ThermometerTests.swift */,
			);
			name = "App Side Tests";
			sourceTree = "<group>";
		};
/* End PBXGroup section */

/* Begin PBXNativeTarget section */
		F17779681A4327EE00091943 /* BathTubTest */ = {
			isa = PBXNativeTarget;
			buildConfigurationList = F17779881A4327EE00091943 /* Build configuration list for PBXNativeTarget "BathTubTest" */;
			buildPhases = (
				F17779651A4327EE00091943 /* Sources */,
				F17779661A4327EE00091943 /* Frameworks */,
				F17779671A4327EE00091943 /* Resources */,
			);
			buildRules = (
			);
			dependencies = (
			);
			name = BathTubTest;
			productName = BathTubTest;
			productReference = F17779691A4327EE00091943 /* BathTubTest.app */;
			productType = "com.apple.product-type.application";
		};
		F177797D1A4327EE00091943 /* BathTubTestTests */ = {
			isa = PBXNativeTarget;
			buildConfigurationList = F177798B1A4327EE00091943 /* Build configuration list for PBXNativeTarget "BathTubTestTests" */;
			buildPhases = (
				F177797A1A4327EE00091943 /* Sources */,
				F177797B1A4327EE00091943 /* Frameworks */,
				F177797C1A4327EE00091943 /* Resources */,
			);
			buildRules = (
			);
			dependencies = (
				F17779801A4327EE00091943 /* PBXTargetDependency */,
			);
			name = BathTubTestTests;
			productName = BathTubTestTests;
			productReference = F177797E1A4327EE00091943 /* BathTubTestTests.xctest */;
			productType = "com.apple.product-type.bundle.unit-test";
		};
/* End PBXNativeTarget section */

/* Begin PBXProject section */
		F17779611A4327EE00091943 /* Project object */ = {
			isa = PBXProject;
			attributes = {
				LastUpgradeCheck = 0610;
				ORGANIZATIONNAME = spagosx;
				TargetAttributes = {
					F17779681A4327EE00091943 = {
						CreatedOnToolsVersion = 6.1.1;
					};
					F177797D1A4327EE00091943 = {
						CreatedOnToolsVersion = 6.1.1;
						TestTargetID = F17779681A4327EE00091943;
					};
				};
			};
			buildConfigurationList = F17779641A4327EE00091943 /* Build configuration list for PBXProject "BathTubTest" */;
			compatibilityVersion = "Xcode 3.2";
			developmentRegion = English;
			hasScannedForEncodings = 0;
			knownRegions = (
				en,
				Base,
			);
			mainGroup = F17779601A4327EE00091943;
			productRefGroup = F177796A1A4327EE00091943 /* Products */;
			projectDirPath = "";
			projectRoot = "";
			targets = (
				F17779681A4327EE00091943 /* BathTubTest */,
				F177797D1A4327EE00091943 /* BathTubTestTests */,
			);
		};
/* End PBXProject section */

/* Begin PBXResourcesBuildPhase section */
		F17779671A4327EE00091943 /* Resources */ = {
			isa = PBXResourcesBuildPhase;
			buildActionMask = 2147483647;
			files = (
				F17779741A4327EE00091943 /* ViewController.storyboard in Resources */,
				F17779791A4327EE00091943 /* LaunchScreen.xib in Resources */,
				F17779761A4327EE00091943 /* Images.xcassets in Resources */,
			);
			runOnlyForDeploymentPostprocessing = 0;
		};
		F177797C1A4327EE00091943 /* Resources */ = {
			isa = PBXResourcesBuildPhase;
			buildActionMask = 2147483647;
			files = (
				F1E4F8DE1A49D9FF00709469 /* ViewController.storyboard in Resources */,
			);
			runOnlyForDeploymentPostprocessing = 0;
		};
/* End PBXResourcesBuildPhase section */

/* Begin PBXSourcesBuildPhase section */
		F17779651A4327EE00091943 /* Sources */ = {
			isa = PBXSourcesBuildPhase;
			buildActionMask = 2147483647;
			files = (
				F145DF5E1A7980230027A9FC /* Thermometer.swift in Sources */,
				F177799F1A4393DA00091943 /* Interactor.swift in Sources */,
				F177799C1A436F8500091943 /* Wireframe.swift in Sources */,
				F1E4F8D01A49BDEC00709469 /* Bath.swift in Sources */,
				F17779711A4327EE00091943 /* ViewController.swift in Sources */,
				F177796F1A4327EE00091943 /* AppDelegate.swift in Sources */,
				F17779971A433C6B00091943 /* Presenter.swift in Sources */,
				F17779941A433B5600091943 /* View.swift in Sources */,
			);
			runOnlyForDeploymentPostprocessing = 0;
		};
		F177797A1A4327EE00091943 /* Sources */ = {
			isa = PBXSourcesBuildPhase;
			buildActionMask = 2147483647;
			files = (
				F145DF5A1A797F830027A9FC /* ThermometerTests.swift in Sources */,
				F1E4F8D51A49C30700709469 /* View.swift in Sources */,
				F1E4F8D31A49C30700709469 /* ViewController.swift in Sources */,
				F17779A31A44CCD900091943 /* AppDelegateTests.swift in Sources */,
				F1E4F8D61A49C30700709469 /* Interactor.swift in Sources */,
				F145DF5F1A7981090027A9FC /* Thermometer.swift in Sources */,
				F1E4F8DB1A49CBA000709469 /* BathTests.swift in Sources */,
				F1E4F8D71A49C30700709469 /* Presenter.swift in Sources */,
				F1E4F8D81A49C30700709469 /* Wireframe.swift in Sources */,
				F1E4F8D91A49C3EF00709469 /* Bath.swift in Sources */,
				F1E4F8CE1A49BD1E00709469 /* InteractorTests.swift in Sources */,
				F177798F1A43388500091943 /* WireframeTests.swift in Sources */,
				F1E4F8D21A49C30700709469 /* AppDelegate.swift in Sources */,
				F1E4F8DD1A49CCAA00709469 /* PresenterTests.swift in Sources */,
				F177799A1A433CD800091943 /* ViewControllerTests.swift in Sources */,
			);
			runOnlyForDeploymentPostprocessing = 0;
		};
/* End PBXSourcesBuildPhase section */

/* Begin PBXTargetDependency section */
		F17779801A4327EE00091943 /* PBXTargetDependency */ = {
			isa = PBXTargetDependency;
			target = F17779681A4327EE00091943 /* BathTubTest */;
			targetProxy = F177797F1A4327EE00091943 /* PBXContainerItemProxy */;
		};
/* End PBXTargetDependency section */

/* Begin PBXVariantGroup section */
		F17779721A4327EE00091943 /* ViewController.storyboard */ = {
			isa = PBXVariantGroup;
			children = (
				F17779731A4327EE00091943 /* Base */,
			);
			name = ViewController.storyboard;
			sourceTree = "<group>";
		};
		F17779771A4327EE00091943 /* LaunchScreen.xib */ = {
			isa = PBXVariantGroup;
			children = (
				F17779781A4327EE00091943 /* Base */,
			);
			name = LaunchScreen.xib;
			sourceTree = "<group>";
		};
/* End PBXVariantGroup section */

/* Begin XCBuildConfiguration section */
		F17779861A4327EE00091943 /* Debug */ = {
			isa = XCBuildConfiguration;
			buildSettings = {
				ALWAYS_SEARCH_USER_PATHS = NO;
				CLANG_CXX_LANGUAGE_STANDARD = "gnu++0x";
				CLANG_CXX_LIBRARY = "libc++";
				CLANG_ENABLE_MODULES = YES;
				CLANG_ENABLE_OBJC_ARC = YES;
				CLANG_WARN_BOOL_CONVERSION = YES;
				CLANG_WARN_CONSTANT_CONVERSION = YES;
				CLANG_WARN_DIRECT_OBJC_ISA_USAGE = YES_ERROR;
				CLANG_WARN_EMPTY_BODY = YES;
				CLANG_WARN_ENUM_CONVERSION = YES;
				CLANG_WARN_INT_CONVERSION = YES;
				CLANG_WARN_OBJC_ROOT_CLASS = YES_ERROR;
				CLANG_WARN_UNREACHABLE_CODE = YES;
				CLANG_WARN__DUPLICATE_METHOD_MATCH = YES;
				"CODE_SIGN_IDENTITY[sdk=iphoneos*]" = "iPhone Developer";
				COPY_PHASE_STRIP = NO;
				ENABLE_STRICT_OBJC_MSGSEND = YES;
				GCC_C_LANGUAGE_STANDARD = gnu99;
				GCC_DYNAMIC_NO_PIC = NO;
				GCC_OPTIMIZATION_LEVEL = 0;
				GCC_PREPROCESSOR_DEFINITIONS = (
					"DEBUG=1",
					"$(inherited)",
				);
				GCC_SYMBOLS_PRIVATE_EXTERN = NO;
				GCC_WARN_64_TO_32_BIT_CONVERSION = YES;
				GCC_WARN_ABOUT_RETURN_TYPE = YES_ERROR;
				GCC_WARN_UNDECLARED_SELECTOR = YES;
				GCC_WARN_UNINITIALIZED_AUTOS = YES_AGGRESSIVE;
				GCC_WARN_UNUSED_FUNCTION = YES;
				GCC_WARN_UNUSED_VARIABLE = YES;
				IPHONEOS_DEPLOYMENT_TARGET = 8.1;
				MTL_ENABLE_DEBUG_INFO = YES;
				ONLY_ACTIVE_ARCH = YES;
				SDKROOT = iphoneos;
				SWIFT_OPTIMIZATION_LEVEL = "-Onone";
			};
			name = Debug;
		};
		F17779871A4327EE00091943 /* Release */ = {
			isa = XCBuildConfiguration;
			buildSettings = {
				ALWAYS_SEARCH_USER_PATHS = NO;
				CLANG_CXX_LANGUAGE_STANDARD = "gnu++0x";
				CLANG_CXX_LIBRARY = "libc++";
				CLANG_ENABLE_MODULES = YES;
				CLANG_ENABLE_OBJC_ARC = YES;
				CLANG_WARN_BOOL_CONVERSION = YES;
				CLANG_WARN_CONSTANT_CONVERSION = YES;
				CLANG_WARN_DIRECT_OBJC_ISA_USAGE = YES_ERROR;
				CLANG_WARN_EMPTY_BODY = YES;
				CLANG_WARN_ENUM_CONVERSION = YES;
				CLANG_WARN_INT_CONVERSION = YES;
				CLANG_WARN_OBJC_ROOT_CLASS = YES_ERROR;
				CLANG_WARN_UNREACHABLE_CODE = YES;
				CLANG_WARN__DUPLICATE_METHOD_MATCH = YES;
				"CODE_SIGN_IDENTITY[sdk=iphoneos*]" = "iPhone Developer";
				COPY_PHASE_STRIP = YES;
				ENABLE_NS_ASSERTIONS = NO;
				ENABLE_STRICT_OBJC_MSGSEND = YES;
				GCC_C_LANGUAGE_STANDARD = gnu99;
				GCC_WARN_64_TO_32_BIT_CONVERSION = YES;
				GCC_WARN_ABOUT_RETURN_TYPE = YES_ERROR;
				GCC_WARN_UNDECLARED_SELECTOR = YES;
				GCC_WARN_UNINITIALIZED_AUTOS = YES_AGGRESSIVE;
				GCC_WARN_UNUSED_FUNCTION = YES;
				GCC_WARN_UNUSED_VARIABLE = YES;
				IPHONEOS_DEPLOYMENT_TARGET = 8.1;
				MTL_ENABLE_DEBUG_INFO = NO;
				SDKROOT = iphoneos;
				VALIDATE_PRODUCT = YES;
			};
			name = Release;
		};
		F17779891A4327EE00091943 /* Debug */ = {
			isa = XCBuildConfiguration;
			buildSettings = {
				ASSETCATALOG_COMPILER_APPICON_NAME = AppIcon;
				INFOPLIST_FILE = BathTubTest/Info.plist;
				LD_RUNPATH_SEARCH_PATHS = "$(inherited) @executable_path/Frameworks";
				PRODUCT_NAME = "$(TARGET_NAME)";
			};
			name = Debug;
		};
		F177798A1A4327EE00091943 /* Release */ = {
			isa = XCBuildConfiguration;
			buildSettings = {
				ASSETCATALOG_COMPILER_APPICON_NAME = AppIcon;
				INFOPLIST_FILE = BathTubTest/Info.plist;
				LD_RUNPATH_SEARCH_PATHS = "$(inherited) @executable_path/Frameworks";
				PRODUCT_NAME = "$(TARGET_NAME)";
			};
			name = Release;
		};
		F177798C1A4327EE00091943 /* Debug */ = {
			isa = XCBuildConfiguration;
			buildSettings = {
				BUNDLE_LOADER = "$(TEST_HOST)";
				FRAMEWORK_SEARCH_PATHS = (
					"$(SDKROOT)/Developer/Library/Frameworks",
					"$(inherited)",
				);
				GCC_PREPROCESSOR_DEFINITIONS = (
					"DEBUG=1",
					"$(inherited)",
				);
				INFOPLIST_FILE = BathTubTestTests/Info.plist;
				LD_RUNPATH_SEARCH_PATHS = "$(inherited) @executable_path/Frameworks @loader_path/Frameworks";
				PRODUCT_NAME = "$(TARGET_NAME)";
				TEST_HOST = "$(BUILT_PRODUCTS_DIR)/BathTubTest.app/BathTubTest";
			};
			name = Debug;
		};
		F177798D1A4327EE00091943 /* Release */ = {
			isa = XCBuildConfiguration;
			buildSettings = {
				BUNDLE_LOADER = "$(TEST_HOST)";
				FRAMEWORK_SEARCH_PATHS = (
					"$(SDKROOT)/Developer/Library/Frameworks",
					"$(inherited)",
				);
				INFOPLIST_FILE = BathTubTestTests/Info.plist;
				LD_RUNPATH_SEARCH_PATHS = "$(inherited) @executable_path/Frameworks @loader_path/Frameworks";
				PRODUCT_NAME = "$(TARGET_NAME)";
				TEST_HOST = "$(BUILT_PRODUCTS_DIR)/BathTubTest.app/BathTubTest";
			};
			name = Release;
		};
/* End XCBuildConfiguration section */

/* Begin XCConfigurationList section */
		F17779641A4327EE00091943 /* Build configuration list for PBXProject "BathTubTest" */ = {
			isa = XCConfigurationList;
			buildConfigurations = (
				F17779861A4327EE00091943 /* Debug */,
				F17779871A4327EE00091943 /* Release */,
			);
			defaultConfigurationIsVisible = 0;
			defaultConfigurationName = Release;
		};
		F17779881A4327EE00091943 /* Build configuration list for PBXNativeTarget "BathTubTest" */ = {
			isa = XCConfigurationList;
			buildConfigurations = (
				F17779891A4327EE00091943 /* Debug */,
				F177798A1A4327EE00091943 /* Release */,
			);
			defaultConfigurationIsVisible = 0;
			defaultConfigurationName = Release;
		};
		F177798B1A4327EE00091943 /* Build configuration list for PBXNativeTarget "BathTubTestTests" */ = {
			isa = XCConfigurationList;
			buildConfigurations = (
				F177798C1A4327EE00091943 /* Debug */,
				F177798D1A4327EE00091943 /* Release */,
			);
			defaultConfigurationIsVisible = 0;
			defaultConfigurationName = Release;
		};
/* End XCConfigurationList section */
	};
	rootObject = F17779611A4327EE00091943 /* Project object */;
}
